# Pinned eval datasets. Update revisions deliberately; reruns must pin.
[[entries]]
name = "phylobio/BiomniBench-DA"
kind = "hf_dataset"
revision = "810b6c54a81e98019bb6c36bdbdc1d4e93dd46d1"

[[entries]]
name = "nekrut/LLM-eval-paper"
kind = "git_repo"
revision = "1175f72a998aa609958504571830294e1401a16e"
